
Microsoft Visual Studio Solution File, Format Version 12.00
# Visual Studio Version 16
VisualStudioVersion = 16.0.31019.35
MinimumVisualStudioVersion = 10.0.40219.1
Project("{FAE04EC0-301F-11D3-BF4B-00C04F79EFBC}") = "MagicAPI", "MagicAPI\MagicAPI.csproj", "{7083F1F3-7D5E-4656-B86D-E89F3F4ED99A}"
EndProject
Project("{FAE04EC0-301F-11D3-BF4B-00C04F79EFBC}") = "MagicAPI.Tests", "MagicAPI.Tests\MagicAPI.Tests.csproj", "{D7190226-E997-4CC6-BEC8-BDB26FB5C54F}"
EndProject
Global
	GlobalSection(SolutionConfigurationPlatforms) = preSolution
		Debug|Any CPU = Debug|Any CPU
		Release|Any CPU = Release|Any CPU
	EndGlobalSection
	GlobalSection(ProjectConfigurationPlatforms) = postSolution
		{7083F1F3-7D5E-4656-B86D-E89F3F4ED99A}.Debug|Any CPU.ActiveCfg = Debug|Any CPU
		{7083F1F3-7D5E-4656-B86D-E89F3F4ED99A}.Debug|Any CPU.Build.0 = Debug|Any CPU
		{7083F1F3-7D5E-4656-B86D-E89F3F4ED99A}.Release|Any CPU.ActiveCfg = Release|Any CPU
		{7083F1F3-7D5E-4656-B86D-E89F3F4ED99A}.Release|Any CPU.Build.0 = Release|Any CPU
		{D7190226-E997-4CC6-BEC8-BDB26FB5C54F}.Debug|Any CPU.ActiveCfg = Debug|Any CPU
		{D7190226-E997-4CC6-BEC8-BDB26FB5C54F}.Debug|Any CPU.Build.0 = Debug|Any CPU
		{D7190226-E997-4CC6-BEC8-BDB26FB5C54F}.Release|Any CPU.ActiveCfg = Release|Any CPU
		{D7190226-E997-4CC6-BEC8-BDB26FB5C54F}.Release|Any CPU.Build.0 = Release|Any CPU
	EndGlobalSection
	GlobalSection(SolutionProperties) = preSolution
		HideSolutionNode = FALSE
	EndGlobalSection
	GlobalSection(ExtensibilityGlobals) = postSolution
		SolutionGuid = {8D6385F9-0FF8-4376-A08B-BD9FAC29B6EF}
	EndGlobalSection
EndGlobal
